<Solution FileFormatVersion="12.00" VisualStudioVersion="17.0" MinimumVisualStudioVersion="10.0">
  <Solution>
    <Project Name="TruthWeaver.Abstractions" Configuration="Debug|AnyCPU" Build="true" />
    <Project Name="TruthWeaver.Abstractions" Configuration="Release|AnyCPU" Build="true" />
    <Project Name="TruthWeaver" Configuration="Debug|AnyCPU" Build="true" />
    <Project Name="TruthWeaver" Configuration="Release|AnyCPU" Build="true" />
    <Project Name="TruthWeaver.DataSources.Json" Configuration="Debug|AnyCPU" Build="true" />
    <Project Name="TruthWeaver.DataSources.Json" Configuration="Release|AnyCPU" Build="true" />
    <Project Name="TruthWeaver.Yaml" Configuration="Debug|AnyCPU" Build="true" />
    <Project Name="TruthWeaver.Yaml" Configuration="Release|AnyCPU" Build="true" />
    <Project Name="TruthWeaver.Predicates" Configuration="Debug|AnyCPU" Build="true" />
    <Project Name="TruthWeaver.Predicates" Configuration="Release|AnyCPU" Build="true" />
    <Project Name="TruthWeaver.Testing" Configuration="Debug|AnyCPU" Build="true" />
    <Project Name="TruthWeaver.Testing" Configuration="Release|AnyCPU" Build="true" />
    <Project Name="TruthWeaver.Tests" Configuration="Debug|AnyCPU" Build="true" />
    <Project Name="TruthWeaver.Tests" Configuration="Release|AnyCPU" Build="true" />
    <Project Name="TruthWeaver.Predicates.Tests" Configuration="Debug|AnyCPU" Build="true" />
    <Project Name="TruthWeaver.Predicates.Tests" Configuration="Release|AnyCPU" Build="true" />
    <Project Name="TruthWeaver.Testing.Tests" Configuration="Debug|AnyCPU" Build="true" />
    <Project Name="TruthWeaver.Testing.Tests" Configuration="Release|AnyCPU" Build="true" />
    <Project Name="TruthWeaver.Abstractions.Tests" Configuration="Debug|AnyCPU" Build="true" />
    <Project Name="TruthWeaver.Abstractions.Tests" Configuration="Release|AnyCPU" Build="true" />
    <Project Name="TruthWeaver.DataSources.Json.Tests" Configuration="Debug|AnyCPU" Build="true" />
    <Project Name="TruthWeaver.DataSources.Json.Tests" Configuration="Release|AnyCPU" Build="true" />
    <Project Name="TruthWeaver.Yaml.Tests" Configuration="Debug|AnyCPU" Build="true" />
    <Project Name="TruthWeaver.Yaml.Tests" Configuration="Release|AnyCPU" Build="true" />
    <Project Name="TruthWeaver.Architecture.Tests" Configuration="Debug|AnyCPU" Build="true" />
    <Project Name="TruthWeaver.Architecture.Tests" Configuration="Release|AnyCPU" Build="true" />
    <Project Name="TruthWeaver.Benchmarks" Configuration="Debug|AnyCPU" Build="true" />
    <Project Name="TruthWeaver.Benchmarks" Configuration="Release|AnyCPU" Build="true" />
  </Solution>
  <Folder Name="/benchmarks/">
    <Project Path="benchmarks\TruthWeaver.Benchmarks\TruthWeaver.Benchmarks.csproj" />
  </Folder>
  <Folder Name="/samples/">
    <File Path="samples\Directory.Build.props" />
    <Project Path="samples\Consumer.Tests\Consumer.Tests.csproj" />
    <Project Path="samples\Consumer\Consumer.csproj" />
    <Project Path="samples\DataSource.Tests\DataSource.Tests.csproj" />
    <Project Path="samples\DataSource\DataSource.csproj" />
    <Project Path="samples\PredicateLibrary.Tests\PredicateLibrary.Tests.csproj" />
    <Project Path="samples\PredicateLibrary\PredicateLibrary.csproj" />
    <File Path="samples\README.md" />
  </Folder>
  <Folder Name="/src/">
    <Project Path="src\TruthWeaver.Abstractions\TruthWeaver.Abstractions.csproj" />
    <Project Path="src\TruthWeaver.DataSources.Json\TruthWeaver.DataSources.Json.csproj" />
    <Project Path="src\TruthWeaver.Predicates\TruthWeaver.Predicates.csproj" />
    <Project Path="src\TruthWeaver.Testing\TruthWeaver.Testing.csproj" />
    <Project Path="src\TruthWeaver.Yaml\TruthWeaver.Yaml.csproj" />
    <Project Path="src\TruthWeaver\TruthWeaver.csproj" />
  </Folder>
  <Folder Name="/tests/">
    <Project Path="tests\TruthWeaver.Abstractions.Tests\TruthWeaver.Abstractions.Tests.csproj" />
    <Project Path="tests\TruthWeaver.Architecture.Tests\TruthWeaver.Architecture.Tests.csproj" />
    <Project Path="tests\TruthWeaver.DataSources.Json.Tests\TruthWeaver.DataSources.Json.Tests.csproj" />
    <Project Path="tests\TruthWeaver.Predicates.Tests\TruthWeaver.Predicates.Tests.csproj" />
    <Project Path="tests\TruthWeaver.Testing.Tests\TruthWeaver.Testing.Tests.csproj" />
    <Project Path="tests\TruthWeaver.Tests\TruthWeaver.Tests.csproj" />
    <Project Path="tests\TruthWeaver.Yaml.Tests\TruthWeaver.Yaml.Tests.csproj" />
  </Folder>
  <Folder Name="/_project/">
    <File Path="LICENSE" />
    <File Path="README.md" />
  </Folder>
  <Folder Name="/_project/build/">
    <File Path="Directory.Build.props" />
    <File Path="Directory.Build.targets" />
    <File Path="Directory.Packages.props" />
    <File Path="dotnet-tools.json" />
    <File Path="global.json" />
    <File Path="NuGet.config" />
  </Folder>
  <Folder Name="/_project/git/">
    <File Path=".gitattributes" />
    <File Path=".gitignore" />
  </Folder>
  <Folder Name="/_project/quality/">
    <File Path=".csharpierrc.json" />
    <File Path=".editorconfig" />
    <File Path="stylecop.json" />
  </Folder>
</Solution>
